
Microsoft Visual Studio Solution File, Format Version 12.00
# Visual Studio Version 17
VisualStudioVersion = 17.7.34024.191
MinimumVisualStudioVersion = 10.0.40219.1
Project("{FAE04EC0-301F-11D3-BF4B-00C04F79EFBC}") = "switch case", "switch case\switch case.csproj", "{45F445F0-79D6-4CC4-91EB-C59B7AA80FD0}"
EndProject
Global
	GlobalSection(SolutionConfigurationPlatforms) = preSolution
		Debug|Any CPU = Debug|Any CPU
		Release|Any CPU = Release|Any CPU
	EndGlobalSection
	GlobalSection(ProjectConfigurationPlatforms) = postSolution
		{45F445F0-79D6-4CC4-91EB-C59B7AA80FD0}.Debug|Any CPU.ActiveCfg = Debug|Any CPU
		{45F445F0-79D6-4CC4-91EB-C59B7AA80FD0}.Debug|Any CPU.Build.0 = Debug|Any CPU
		{45F445F0-79D6-4CC4-91EB-C59B7AA80FD0}.Release|Any CPU.ActiveCfg = Release|Any CPU
		{45F445F0-79D6-4CC4-91EB-C59B7AA80FD0}.Release|Any CPU.Build.0 = Release|Any CPU
	EndGlobalSection
	GlobalSection(SolutionProperties) = preSolution
		HideSolutionNode = FALSE
	EndGlobalSection
	GlobalSection(ExtensibilityGlobals) = postSolution
		SolutionGuid = {02B109F3-0AAE-4B61-BED3-45E67F3B47E9}
	EndGlobalSection
EndGlobal
